// !$*UTF8*$!
{
	archiveVersion = 1;
	classes = {
	};
	objectVersion = 56;
	objects = {

/* Begin PBXBuildFile section */
		501422952C58AE88001558A3 /* View+Ext.swift in Sources */ = {isa = PBXBuildFile; fileRef = 501422942C58AE88001558A3 /* View+Ext.swift */; };
		501422992C58FC6B001558A3 /* CBInstructionStepCell.swift in Sources */ = {isa = PBXBuildFile; fileRef = 501422982C58FC6B001558A3 /* CBInstructionStepCell.swift */; };
		5014229D2C593DC5001558A3 /* CBAddIngredientView.swift in Sources */ = {isa = PBXBuildFile; fileRef = 5014229C2C593DC5001558A3 /* CBAddIngredientView.swift */; };
		503969512C5C9906009AE660 /* CBRecipeEditorView.swift in Sources */ = {isa = PBXBuildFile; fileRef = 503969502C5C9906009AE660 /* CBRecipeEditorView.swift */; };
		509231982C56AFF900019B0E /* CookbookApp.swift in Sources */ = {isa = PBXBuildFile; fileRef = 509231972C56AFF900019B0E /* CookbookApp.swift */; };
		5092319A2C56AFF900019B0E /* CBTabView.swift in Sources */ = {isa = PBXBuildFile; fileRef = 509231992C56AFF900019B0E /* CBTabView.swift */; };
		5092319C2C56AFFA00019B0E /* Assets.xcassets in Resources */ = {isa = PBXBuildFile; fileRef = 5092319B2C56AFFA00019B0E /* Assets.xcassets */; };
		509231A02C56AFFA00019B0E /* Preview Assets.xcassets in Resources */ = {isa = PBXBuildFile; fileRef = 5092319F2C56AFFA00019B0E /* Preview Assets.xcassets */; };
		509231A92C56B0BA00019B0E /* CBRecipeScreenListView.swift in Sources */ = {isa = PBXBuildFile; fileRef = 509231A82C56B0BA00019B0E /* CBRecipeScreenListView.swift */; };
		509231AD2C56C0B800019B0E /* CBRecipeListCell.swift in Sources */ = {isa = PBXBuildFile; fileRef = 509231AC2C56C0B800019B0E /* CBRecipeListCell.swift */; };
		509231AF2C56CD0B00019B0E /* Recipe.swift in Sources */ = {isa = PBXBuildFile; fileRef = 509231AE2C56CD0B00019B0E /* Recipe.swift */; };
		509D3C312C5A251100AAA782 /* CBError.swift in Sources */ = {isa = PBXBuildFile; fileRef = 509D3C302C5A251100AAA782 /* CBError.swift */; };
		509D3C332C5A254000AAA782 /* Alert.swift in Sources */ = {isa = PBXBuildFile; fileRef = 509D3C322C5A254000AAA782 /* Alert.swift */; };
		50C2D6D62C57640400A8EA9B /* CBRecipeDetailView.swift in Sources */ = {isa = PBXBuildFile; fileRef = 50C2D6D52C57640400A8EA9B /* CBRecipeDetailView.swift */; };
		50C2D6D82C577F0D00A8EA9B /* IngredientsGridView.swift in Sources */ = {isa = PBXBuildFile; fileRef = 50C2D6D72C577F0D00A8EA9B /* IngredientsGridView.swift */; };
		50C2D6E22C5789C300A8EA9B /* Ingredients.swift in Sources */ = {isa = PBXBuildFile; fileRef = 50C2D6E12C5789C300A8EA9B /* Ingredients.swift */; };
		50C2D6E52C57A07C00A8EA9B /* FloatingButton.swift in Sources */ = {isa = PBXBuildFile; fileRef = 50C2D6E42C57A07C00A8EA9B /* FloatingButton.swift */; };
		50C2D6E72C57A61700A8EA9B /* CBRecipeInstructionView.swift in Sources */ = {isa = PBXBuildFile; fileRef = 50C2D6E62C57A61700A8EA9B /* CBRecipeInstructionView.swift */; };
		50F59B162C5BC167004EF6B6 /* CBEditStepView.swift in Sources */ = {isa = PBXBuildFile; fileRef = 50F59B152C5BC167004EF6B6 /* CBEditStepView.swift */; };
/* End PBXBuildFile section */

/* Begin PBXFileReference section */
		501422942C58AE88001558A3 /* View+Ext.swift */ = {isa = PBXFileReference; lastKnownFileType = sourcecode.swift; path = "View+Ext.swift"; sourceTree = "<group>"; };
		501422982C58FC6B001558A3 /* CBInstructionStepCell.swift */ = {isa = PBXFileReference; lastKnownFileType = sourcecode.swift; path = CBInstructionStepCell.swift; sourceTree = "<group>"; };
		5014229C2C593DC5001558A3 /* CBAddIngredientView.swift */ = {isa = PBXFileReference; lastKnownFileType = sourcecode.swift; path = CBAddIngredientView.swift; sourceTree = "<group>"; };
		503969502C5C9906009AE660 /* CBRecipeEditorView.swift */ = {isa = PBXFileReference; lastKnownFileType = sourcecode.swift; path = CBRecipeEditorView.swift; sourceTree = "<group>"; };
		509231942C56AFF900019B0E /* Cookbook.app */ = {isa = PBXFileReference; explicitFileType = wrapper.application; includeInIndex = 0; path = Cookbook.app; sourceTree = BUILT_PRODUCTS_DIR; };
		509231972C56AFF900019B0E /* CookbookApp.swift */ = {isa = PBXFileReference; lastKnownFileType = sourcecode.swift; path = CookbookApp.swift; sourceTree = "<group>"; };
		509231992C56AFF900019B0E /* CBTabView.swift */ = {isa = PBXFileReference; lastKnownFileType = sourcecode.swift; path = CBTabView.swift; sourceTree = "<group>"; };
		5092319B2C56AFFA00019B0E /* Assets.xcassets */ = {isa = PBXFileReference; lastKnownFileType = folder.assetcatalog; path = Assets.xcassets; sourceTree = "<group>"; };
		5092319D2C56AFFA00019B0E /* Cookbook.entitlements */ = {isa = PBXFileReference; lastKnownFileType = text.plist.entitlements; path = Cookbook.entitlements; sourceTree = "<group>"; };
		5092319F2C56AFFA00019B0E /* Preview Assets.xcassets */ = {isa = PBXFileReference; lastKnownFileType = folder.assetcatalog; path = "Preview Assets.xcassets"; sourceTree = "<group>"; };
		509231A82C56B0BA00019B0E /* CBRecipeScreenListView.swift */ = {isa = PBXFileReference; lastKnownFileType = sourcecode.swift; path = CBRecipeScreenListView.swift; sourceTree = "<group>"; };
		509231AC2C56C0B800019B0E /* CBRecipeListCell.swift */ = {isa = PBXFileReference; lastKnownFileType = sourcecode.swift; path = CBRecipeListCell.swift; sourceTree = "<group>"; };
		509231AE2C56CD0B00019B0E /* Recipe.swift */ = {isa = PBXFileReference; lastKnownFileType = sourcecode.swift; path = Recipe.swift; sourceTree = "<group>"; };
		509D3C302C5A251100AAA782 /* CBError.swift */ = {isa = PBXFileReference; lastKnownFileType = sourcecode.swift; path = CBError.swift; sourceTree = "<group>"; };
		509D3C322C5A254000AAA782 /* Alert.swift */ = {isa = PBXFileReference; lastKnownFileType = sourcecode.swift; path = Alert.swift; sourceTree = "<group>"; };
		50C2D6D52C57640400A8EA9B /* CBRecipeDetailView.swift */ = {isa = PBXFileReference; lastKnownFileType = sourcecode.swift; path = CBRecipeDetailView.swift; sourceTree = "<group>"; };
		50C2D6D72C577F0D00A8EA9B /* IngredientsGridView.swift */ = {isa = PBXFileReference; lastKnownFileType = sourcecode.swift; path = IngredientsGridView.swift; sourceTree = "<group>"; };
		50C2D6E12C5789C300A8EA9B /* Ingredients.swift */ = {isa = PBXFileReference; lastKnownFileType = sourcecode.swift; path = Ingredients.swift; sourceTree = "<group>"; };
		50C2D6E42C57A07C00A8EA9B /* FloatingButton.swift */ = {isa = PBXFileReference; lastKnownFileType = sourcecode.swift; path = FloatingButton.swift; sourceTree = "<group>"; };
		50C2D6E62C57A61700A8EA9B /* CBRecipeInstructionView.swift */ = {isa = PBXFileReference; lastKnownFileType = sourcecode.swift; path = CBRecipeInstructionView.swift; sourceTree = "<group>"; };
		50F59B152C5BC167004EF6B6 /* CBEditStepView.swift */ = {isa = PBXFileReference; lastKnownFileType = sourcecode.swift; path = CBEditStepView.swift; sourceTree = "<group>"; };
/* End PBXFileReference section */

/* Begin PBXFrameworksBuildPhase section */
		509231912C56AFF900019B0E /* Frameworks */ = {
			isa = PBXFrameworksBuildPhase;
			buildActionMask = 2147483647;
			files = (
			);
			runOnlyForDeploymentPostprocessing = 0;
		};
/* End PBXFrameworksBuildPhase section */

/* Begin PBXGroup section */
		501422932C58AE7B001558A3 /* Extensions */ = {
			isa = PBXGroup;
			children = (
				501422942C58AE88001558A3 /* View+Ext.swift */,
			);
			path = Extensions;
			sourceTree = "<group>";
		};
		5092318B2C56AFF900019B0E = {
			isa = PBXGroup;
			children = (
				509231962C56AFF900019B0E /* Cookbook */,
				509231952C56AFF900019B0E /* Products */,
			);
			sourceTree = "<group>";
		};
		509231952C56AFF900019B0E /* Products */ = {
			isa = PBXGroup;
			children = (
				509231942C56AFF900019B0E /* Cookbook.app */,
			);
			name = Products;
			sourceTree = "<group>";
		};
		509231962C56AFF900019B0E /* Cookbook */ = {
			isa = PBXGroup;
			children = (
				509D3C2E2C5A24F700AAA782 /* Utilities */,
				50C2D6DB2C57891000A8EA9B /* Views */,
				50C2D6DA2C57890900A8EA9B /* Model */,
				50C2D6D92C57890100A8EA9B /* Screens */,
				509231972C56AFF900019B0E /* CookbookApp.swift */,
				5092319B2C56AFFA00019B0E /* Assets.xcassets */,
				5092319D2C56AFFA00019B0E /* Cookbook.entitlements */,
				5092319E2C56AFFA00019B0E /* Preview Content */,
			);
			path = Cookbook;
			sourceTree = "<group>";
		};
		5092319E2C56AFFA00019B0E /* Preview Content */ = {
			isa = PBXGroup;
			children = (
				5092319F2C56AFFA00019B0E /* Preview Assets.xcassets */,
			);
			path = "Preview Content";
			sourceTree = "<group>";
		};
		509D3C2E2C5A24F700AAA782 /* Utilities */ = {
			isa = PBXGroup;
			children = (
				509D3C2F2C5A250100AAA782 /* Alerts */,
				501422932C58AE7B001558A3 /* Extensions */,
			);
			path = Utilities;
			sourceTree = "<group>";
		};
		509D3C2F2C5A250100AAA782 /* Alerts */ = {
			isa = PBXGroup;
			children = (
				509D3C302C5A251100AAA782 /* CBError.swift */,
				509D3C322C5A254000AAA782 /* Alert.swift */,
			);
			path = Alerts;
			sourceTree = "<group>";
		};
		50C2D6D92C57890100A8EA9B /* Screens */ = {
			isa = PBXGroup;
			children = (
				509231992C56AFF900019B0E /* CBTabView.swift */,
				50C2D6DE2C57895500A8EA9B /* Recipes */,
			);
			path = Screens;
			sourceTree = "<group>";
		};
		50C2D6DA2C57890900A8EA9B /* Model */ = {
			isa = PBXGroup;
			children = (
				509231AE2C56CD0B00019B0E /* Recipe.swift */,
				50C2D6E12C5789C300A8EA9B /* Ingredients.swift */,
			);
			path = Model;
			sourceTree = "<group>";
		};
		50C2D6DB2C57891000A8EA9B /* Views */ = {
			isa = PBXGroup;
			children = (
				50C2D6E32C57A06500A8EA9B /* Buttons */,
				50C2D6E02C5789AC00A8EA9B /* Grids */,
				50C2D6DC2C57892200A8EA9B /* Cells */,
			);
			path = Views;
			sourceTree = "<group>";
		};
		50C2D6DC2C57892200A8EA9B /* Cells */ = {
			isa = PBXGroup;
			children = (
				509231AC2C56C0B800019B0E /* CBRecipeListCell.swift */,
				501422982C58FC6B001558A3 /* CBInstructionStepCell.swift */,
			);
			path = Cells;
			sourceTree = "<group>";
		};
		50C2D6DE2C57895500A8EA9B /* Recipes */ = {
			isa = PBXGroup;
			children = (
				50C2D6D52C57640400A8EA9B /* CBRecipeDetailView.swift */,
				509231A82C56B0BA00019B0E /* CBRecipeScreenListView.swift */,
				50C2D6E62C57A61700A8EA9B /* CBRecipeInstructionView.swift */,
				5014229C2C593DC5001558A3 /* CBAddIngredientView.swift */,
				50F59B152C5BC167004EF6B6 /* CBEditStepView.swift */,
				503969502C5C9906009AE660 /* CBRecipeEditorView.swift */,
			);
			path = Recipes;
			sourceTree = "<group>";
		};
		50C2D6E02C5789AC00A8EA9B /* Grids */ = {
			isa = PBXGroup;
			children = (
				50C2D6D72C577F0D00A8EA9B /* IngredientsGridView.swift */,
			);
			path = Grids;
			sourceTree = "<group>";
		};
		50C2D6E32C57A06500A8EA9B /* Buttons */ = {
			isa = PBXGroup;
			children = (
				50C2D6E42C57A07C00A8EA9B /* FloatingButton.swift */,
			);
			path = Buttons;
			sourceTree = "<group>";
		};
/* End PBXGroup section */

/* Begin PBXNativeTarget section */
		509231932C56AFF900019B0E /* Cookbook */ = {
			isa = PBXNativeTarget;
			buildConfigurationList = 509231A32C56AFFA00019B0E /* Build configuration list for PBXNativeTarget "Cookbook" */;
			buildPhases = (
				509231902C56AFF900019B0E /* Sources */,
				509231912C56AFF900019B0E /* Frameworks */,
				509231922C56AFF900019B0E /* Resources */,
			);
			buildRules = (
			);
			dependencies = (
			);
			name = Cookbook;
			productName = Cookbook;
			productReference = 509231942C56AFF900019B0E /* Cookbook.app */;
			productType = "com.apple.product-type.application";
		};
/* End PBXNativeTarget section */

/* Begin PBXProject section */
		5092318C2C56AFF900019B0E /* Project object */ = {
			isa = PBXProject;
			attributes = {
				BuildIndependentTargetsInParallel = 1;
				LastSwiftUpdateCheck = 1540;
				LastUpgradeCheck = 1540;
				TargetAttributes = {
					509231932C56AFF900019B0E = {
						CreatedOnToolsVersion = 15.4;
					};
				};
			};
			buildConfigurationList = 5092318F2C56AFF900019B0E /* Build configuration list for PBXProject "Cookbook" */;
			compatibilityVersion = "Xcode 14.0";
			developmentRegion = en;
			hasScannedForEncodings = 0;
			knownRegions = (
				en,
				Base,
			);
			mainGroup = 5092318B2C56AFF900019B0E;
			productRefGroup = 509231952C56AFF900019B0E /* Products */;
			projectDirPath = "";
			projectRoot = "";
			targets = (
				509231932C56AFF900019B0E /* Cookbook */,
			);
		};
/* End PBXProject section */

/* Begin PBXResourcesBuildPhase section */
		509231922C56AFF900019B0E /* Resources */ = {
			isa = PBXResourcesBuildPhase;
			buildActionMask = 2147483647;
			files = (
				509231A02C56AFFA00019B0E /* Preview Assets.xcassets in Resources */,
				5092319C2C56AFFA00019B0E /* Assets.xcassets in Resources */,
			);
			runOnlyForDeploymentPostprocessing = 0;
		};
/* End PBXResourcesBuildPhase section */

/* Begin PBXSourcesBuildPhase section */
		509231902C56AFF900019B0E /* Sources */ = {
			isa = PBXSourcesBuildPhase;
			buildActionMask = 2147483647;
			files = (
				509D3C332C5A254000AAA782 /* Alert.swift in Sources */,
				5092319A2C56AFF900019B0E /* CBTabView.swift in Sources */,
				509231AF2C56CD0B00019B0E /* Recipe.swift in Sources */,
				50C2D6D82C577F0D00A8EA9B /* IngredientsGridView.swift in Sources */,
				509231AD2C56C0B800019B0E /* CBRecipeListCell.swift in Sources */,
				503969512C5C9906009AE660 /* CBRecipeEditorView.swift in Sources */,
				5014229D2C593DC5001558A3 /* CBAddIngredientView.swift in Sources */,
				509231982C56AFF900019B0E /* CookbookApp.swift in Sources */,
				50C2D6D62C57640400A8EA9B /* CBRecipeDetailView.swift in Sources */,
				50C2D6E22C5789C300A8EA9B /* Ingredients.swift in Sources */,
				50F59B162C5BC167004EF6B6 /* CBEditStepView.swift in Sources */,
				509231A92C56B0BA00019B0E /* CBRecipeScreenListView.swift in Sources */,
				50C2D6E72C57A61700A8EA9B /* CBRecipeInstructionView.swift in Sources */,
				501422952C58AE88001558A3 /* View+Ext.swift in Sources */,
				50C2D6E52C57A07C00A8EA9B /* FloatingButton.swift in Sources */,
				509D3C312C5A251100AAA782 /* CBError.swift in Sources */,
				501422992C58FC6B001558A3 /* CBInstructionStepCell.swift in Sources */,
			);
			runOnlyForDeploymentPostprocessing = 0;
		};
/* End PBXSourcesBuildPhase section */

/* Begin XCBuildConfiguration section */
		509231A12C56AFFA00019B0E /* Debug */ = {
			isa = XCBuildConfiguration;
			buildSettings = {
				ALWAYS_SEARCH_USER_PATHS = NO;
				ASSETCATALOG_COMPILER_GENERATE_SWIFT_ASSET_SYMBOL_EXTENSIONS = YES;
				CLANG_ANALYZER_NONNULL = YES;
				CLANG_ANALYZER_NUMBER_OBJECT_CONVERSION = YES_AGGRESSIVE;
				CLANG_CXX_LANGUAGE_STANDARD = "gnu++20";
				CLANG_ENABLE_MODULES = YES;
				CLANG_ENABLE_OBJC_ARC = YES;
				CLANG_ENABLE_OBJC_WEAK = YES;
				CLANG_WARN_BLOCK_CAPTURE_AUTORELEASING = YES;
				CLANG_WARN_BOOL_CONVERSION = YES;
				CLANG_WARN_COMMA = YES;
				CLANG_WARN_CONSTANT_CONVERSION = YES;
				CLANG_WARN_DEPRECATED_OBJC_IMPLEMENTATIONS = YES;
				CLANG_WARN_DIRECT_OBJC_ISA_USAGE = YES_ERROR;
				CLANG_WARN_DOCUMENTATION_COMMENTS = YES;
				CLANG_WARN_EMPTY_BODY = YES;
				CLANG_WARN_ENUM_CONVERSION = YES;
				CLANG_WARN_INFINITE_RECURSION = YES;
				CLANG_WARN_INT_CONVERSION = YES;
				CLANG_WARN_NON_LITERAL_NULL_CONVERSION = YES;
				CLANG_WARN_OBJC_IMPLICIT_RETAIN_SELF = YES;
				CLANG_WARN_OBJC_LITERAL_CONVERSION = YES;
				CLANG_WARN_OBJC_ROOT_CLASS = YES_ERROR;
				CLANG_WARN_QUOTED_INCLUDE_IN_FRAMEWORK_HEADER = YES;
				CLANG_WARN_RANGE_LOOP_ANALYSIS = YES;
				CLANG_WARN_STRICT_PROTOTYPES = YES;
				CLANG_WARN_SUSPICIOUS_MOVE = YES;
				CLANG_WARN_UNGUARDED_AVAILABILITY = YES_AGGRESSIVE;
				CLANG_WARN_UNREACHABLE_CODE = YES;
				CLANG_WARN__DUPLICATE_METHOD_MATCH = YES;
				COPY_PHASE_STRIP = NO;
				DEBUG_INFORMATION_FORMAT = dwarf;
				ENABLE_STRICT_OBJC_MSGSEND = YES;
				ENABLE_TESTABILITY = YES;
				ENABLE_USER_SCRIPT_SANDBOXING = YES;
				GCC_C_LANGUAGE_STANDARD = gnu17;
				GCC_DYNAMIC_NO_PIC = NO;
				GCC_NO_COMMON_BLOCKS = YES;
				GCC_OPTIMIZATION_LEVEL = 0;
				GCC_PREPROCESSOR_DEFINITIONS = (
					"DEBUG=1",
					"$(inherited)",
				);
				GCC_WARN_64_TO_32_BIT_CONVERSION = YES;
				GCC_WARN_ABOUT_RETURN_TYPE = YES_ERROR;
				GCC_WARN_UNDECLARED_SELECTOR = YES;
				GCC_WARN_UNINITIALIZED_AUTOS = YES_AGGRESSIVE;
				GCC_WARN_UNUSED_FUNCTION = YES;
				GCC_WARN_UNUSED_VARIABLE = YES;
				LOCALIZATION_PREFERS_STRING_CATALOGS = YES;
				MTL_ENABLE_DEBUG_INFO = INCLUDE_SOURCE;
				MTL_FAST_MATH = YES;
				ONLY_ACTIVE_ARCH = YES;
				SWIFT_ACTIVE_COMPILATION_CONDITIONS = "DEBUG $(inherited)";
				SWIFT_OPTIMIZATION_LEVEL = "-Onone";
			};
			name = Debug;
		};
		509231A22C56AFFA00019B0E /* Release */ = {
			isa = XCBuildConfiguration;
			buildSettings = {
				ALWAYS_SEARCH_USER_PATHS = NO;
				ASSETCATALOG_COMPILER_GENERATE_SWIFT_ASSET_SYMBOL_EXTENSIONS = YES;
				CLANG_ANALYZER_NONNULL = YES;
				CLANG_ANALYZER_NUMBER_OBJECT_CONVERSION = YES_AGGRESSIVE;
				CLANG_CXX_LANGUAGE_STANDARD = "gnu++20";
				CLANG_ENABLE_MODULES = YES;
				CLANG_ENABLE_OBJC_ARC = YES;
				CLANG_ENABLE_OBJC_WEAK = YES;
				CLANG_WARN_BLOCK_CAPTURE_AUTORELEASING = YES;
				CLANG_WARN_BOOL_CONVERSION = YES;
				CLANG_WARN_COMMA = YES;
				CLANG_WARN_CONSTANT_CONVERSION = YES;
				CLANG_WARN_DEPRECATED_OBJC_IMPLEMENTATIONS = YES;
				CLANG_WARN_DIRECT_OBJC_ISA_USAGE = YES_ERROR;
				CLANG_WARN_DOCUMENTATION_COMMENTS = YES;
				CLANG_WARN_EMPTY_BODY = YES;
				CLANG_WARN_ENUM_CONVERSION = YES;
				CLANG_WARN_INFINITE_RECURSION = YES;
				CLANG_WARN_INT_CONVERSION = YES;
				CLANG_WARN_NON_LITERAL_NULL_CONVERSION = YES;
				CLANG_WARN_OBJC_IMPLICIT_RETAIN_SELF = YES;
				CLANG_WARN_OBJC_LITERAL_CONVERSION = YES;
				CLANG_WARN_OBJC_ROOT_CLASS = YES_ERROR;
				CLANG_WARN_QUOTED_INCLUDE_IN_FRAMEWORK_HEADER = YES;
				CLANG_WARN_RANGE_LOOP_ANALYSIS = YES;
				CLANG_WARN_STRICT_PROTOTYPES = YES;
				CLANG_WARN_SUSPICIOUS_MOVE = YES;
				CLANG_WARN_UNGUARDED_AVAILABILITY = YES_AGGRESSIVE;
				CLANG_WARN_UNREACHABLE_CODE = YES;
				CLANG_WARN__DUPLICATE_METHOD_MATCH = YES;
				COPY_PHASE_STRIP = NO;
				DEBUG_INFORMATION_FORMAT = "dwarf-with-dsym";
				ENABLE_NS_ASSERTIONS = NO;
				ENABLE_STRICT_OBJC_MSGSEND = YES;
				ENABLE_USER_SCRIPT_SANDBOXING = YES;
				GCC_C_LANGUAGE_STANDARD = gnu17;
				GCC_NO_COMMON_BLOCKS = YES;
				GCC_WARN_64_TO_32_BIT_CONVERSION = YES;
				GCC_WARN_ABOUT_RETURN_TYPE = YES_ERROR;
				GCC_WARN_UNDECLARED_SELECTOR = YES;
				GCC_WARN_UNINITIALIZED_AUTOS = YES_AGGRESSIVE;
				GCC_WARN_UNUSED_FUNCTION = YES;
				GCC_WARN_UNUSED_VARIABLE = YES;
				LOCALIZATION_PREFERS_STRING_CATALOGS = YES;
				MTL_ENABLE_DEBUG_INFO = NO;
				MTL_FAST_MATH = YES;
				SWIFT_COMPILATION_MODE = wholemodule;
			};
			name = Release;
		};
		509231A42C56AFFA00019B0E /* Debug */ = {
			isa = XCBuildConfiguration;
			buildSettings = {
				ASSETCATALOG_COMPILER_APPICON_NAME = AppIcon;
				ASSETCATALOG_COMPILER_GLOBAL_ACCENT_COLOR_NAME = AccentColor;
				CODE_SIGN_ENTITLEMENTS = Cookbook/Cookbook.entitlements;
				CODE_SIGN_STYLE = Automatic;
				CURRENT_PROJECT_VERSION = 1;
				DEVELOPMENT_ASSET_PATHS = "\"Cookbook/Preview Content\"";
				DEVELOPMENT_TEAM = 59LX92TU7A;
				ENABLE_HARDENED_RUNTIME = YES;
				ENABLE_PREVIEWS = YES;
				GENERATE_INFOPLIST_FILE = YES;
				"INFOPLIST_KEY_UIApplicationSceneManifest_Generation[sdk=iphoneos*]" = YES;
				"INFOPLIST_KEY_UIApplicationSceneManifest_Generation[sdk=iphonesimulator*]" = YES;
				"INFOPLIST_KEY_UIApplicationSupportsIndirectInputEvents[sdk=iphoneos*]" = YES;
				"INFOPLIST_KEY_UIApplicationSupportsIndirectInputEvents[sdk=iphonesimulator*]" = YES;
				"INFOPLIST_KEY_UILaunchScreen_Generation[sdk=iphoneos*]" = YES;
				"INFOPLIST_KEY_UILaunchScreen_Generation[sdk=iphonesimulator*]" = YES;
				"INFOPLIST_KEY_UIStatusBarStyle[sdk=iphoneos*]" = UIStatusBarStyleDefault;
				"INFOPLIST_KEY_UIStatusBarStyle[sdk=iphonesimulator*]" = UIStatusBarStyleDefault;
				INFOPLIST_KEY_UISupportedInterfaceOrientations_iPad = "UIInterfaceOrientationPortrait UIInterfaceOrientationPortraitUpsideDown UIInterfaceOrientationLandscapeLeft UIInterfaceOrientationLandscapeRight";
				INFOPLIST_KEY_UISupportedInterfaceOrientations_iPhone = "UIInterfaceOrientationPortrait UIInterfaceOrientationLandscapeLeft UIInterfaceOrientationLandscapeRight";
				IPHONEOS_DEPLOYMENT_TARGET = 17.5;
				LD_RUNPATH_SEARCH_PATHS = "@executable_path/Frameworks";
				"LD_RUNPATH_SEARCH_PATHS[sdk=macosx*]" = "@executable_path/../Frameworks";
				MACOSX_DEPLOYMENT_TARGET = 14.5;
				MARKETING_VERSION = 1.0;
				PRODUCT_BUNDLE_IDENTIFIER = com.vishaalkumar.Cookbook;
				PRODUCT_NAME = "$(TARGET_NAME)";
				SDKROOT = auto;
				SUPPORTED_PLATFORMS = "iphoneos iphonesimulator macosx";
				SWIFT_EMIT_LOC_STRINGS = YES;
				SWIFT_VERSION = 5.0;
				TARGETED_DEVICE_FAMILY = "1,2";
			};
			name = Debug;
		};
		509231A52C56AFFA00019B0E /* Release */ = {
			isa = XCBuildConfiguration;
			buildSettings = {
				ASSETCATALOG_COMPILER_APPICON_NAME = AppIcon;
				ASSETCATALOG_COMPILER_GLOBAL_ACCENT_COLOR_NAME = AccentColor;
				CODE_SIGN_ENTITLEMENTS = Cookbook/Cookbook.entitlements;
				CODE_SIGN_STYLE = Automatic;
				CURRENT_PROJECT_VERSION = 1;
				DEVELOPMENT_ASSET_PATHS = "\"Cookbook/Preview Content\"";
				DEVELOPMENT_TEAM = 59LX92TU7A;
				ENABLE_HARDENED_RUNTIME = YES;
				ENABLE_PREVIEWS = YES;
				GENERATE_INFOPLIST_FILE = YES;
				"INFOPLIST_KEY_UIApplicationSceneManifest_Generation[sdk=iphoneos*]" = YES;
				"INFOPLIST_KEY_UIApplicationSceneManifest_Generation[sdk=iphonesimulator*]" = YES;
				"INFOPLIST_KEY_UIApplicationSupportsIndirectInputEvents[sdk=iphoneos*]" = YES;
				"INFOPLIST_KEY_UIApplicationSupportsIndirectInputEvents[sdk=iphonesimulator*]" = YES;
				"INFOPLIST_KEY_UILaunchScreen_Generation[sdk=iphoneos*]" = YES;
				"INFOPLIST_KEY_UILaunchScreen_Generation[sdk=iphonesimulator*]" = YES;
				"INFOPLIST_KEY_UIStatusBarStyle[sdk=iphoneos*]" = UIStatusBarStyleDefault;
				"INFOPLIST_KEY_UIStatusBarStyle[sdk=iphonesimulator*]" = UIStatusBarStyleDefault;
				INFOPLIST_KEY_UISupportedInterfaceOrientations_iPad = "UIInterfaceOrientationPortrait UIInterfaceOrientationPortraitUpsideDown UIInterfaceOrientationLandscapeLeft UIInterfaceOrientationLandscapeRight";
				INFOPLIST_KEY_UISupportedInterfaceOrientations_iPhone = "UIInterfaceOrientationPortrait UIInterfaceOrientationLandscapeLeft UIInterfaceOrientationLandscapeRight";
				IPHONEOS_DEPLOYMENT_TARGET = 17.5;
				LD_RUNPATH_SEARCH_PATHS = "@executable_path/Frameworks";
				"LD_RUNPATH_SEARCH_PATHS[sdk=macosx*]" = "@executable_path/../Frameworks";
				MACOSX_DEPLOYMENT_TARGET = 14.5;
				MARKETING_VERSION = 1.0;
				PRODUCT_BUNDLE_IDENTIFIER = com.vishaalkumar.Cookbook;
				PRODUCT_NAME = "$(TARGET_NAME)";
				SDKROOT = auto;
				SUPPORTED_PLATFORMS = "iphoneos iphonesimulator macosx";
				SWIFT_EMIT_LOC_STRINGS = YES;
				SWIFT_VERSION = 5.0;
				TARGETED_DEVICE_FAMILY = "1,2";
			};
			name = Release;
		};
/* End XCBuildConfiguration section */

/* Begin XCConfigurationList section */
		5092318F2C56AFF900019B0E /* Build configuration list for PBXProject "Cookbook" */ = {
			isa = XCConfigurationList;
			buildConfigurations = (
				509231A12C56AFFA00019B0E /* Debug */,
				509231A22C56AFFA00019B0E /* Release */,
			);
			defaultConfigurationIsVisible = 0;
			defaultConfigurationName = Release;
		};
		509231A32C56AFFA00019B0E /* Build configuration list for PBXNativeTarget "Cookbook" */ = {
			isa = XCConfigurationList;
			buildConfigurations = (
				509231A42C56AFFA00019B0E /* Debug */,
				509231A52C56AFFA00019B0E /* Release */,
			);
			defaultConfigurationIsVisible = 0;
			defaultConfigurationName = Release;
		};
/* End XCConfigurationList section */
	};
	rootObject = 5092318C2C56AFF900019B0E /* Project object */;
}
